// !$*UTF8*$!
{
	archiveVersion = 1;
	classes = {
	};
	objectVersion = 46;
	objects = {

/* Begin PBXBuildFile section */
		4C256E7B13EDB9A60013389D /* libboost_filesystem-mt.dylib in Frameworks */ = {isa = PBXBuildFile; fileRef = 4C256E7A13EDB9A60013389D /* libboost_filesystem-mt.dylib */; };
		4C256E7D13EDB9BD0013389D /* libboost_system-mt.dylib in Frameworks */ = {isa = PBXBuildFile; fileRef = 4C256E7C13EDB9BD0013389D /* libboost_system-mt.dylib */; };
		4C84B8DE13E409C400714501 /* fbx_json_serializer.cpp in Sources */ = {isa = PBXBuildFile; fileRef = 4C84B8DD13E409C400714501 /* fbx_json_serializer.cpp */; };
		4C8B803413E219B600355E6B /* main.cpp in Sources */ = {isa = PBXBuildFile; fileRef = 4C8B803313E219B600355E6B /* main.cpp */; };
		4C8B803613E219B600355E6B /* fbx.1 in CopyFiles */ = {isa = PBXBuildFile; fileRef = 4C8B803513E219B600355E6B /* fbx.1 */; };
		4C8B803D13E21A4800355E6B /* libfbxsdk-2012.1-staticd.a in Frameworks */ = {isa = PBXBuildFile; fileRef = 4C8B803C13E21A4800355E6B /* libfbxsdk-2012.1-staticd.a */; };
		4CD7634513E21B98007F055B /* Foundation.framework in Frameworks */ = {isa = PBXBuildFile; fileRef = 4CD7634413E21B98007F055B /* Foundation.framework */; };
		4CD7634813E21BBD007F055B /* Cocoa.framework in Frameworks */ = {isa = PBXBuildFile; fileRef = 4CD7634713E21BBD007F055B /* Cocoa.framework */; };
		4CD7634A13E21BD8007F055B /* SystemConfiguration.framework in Frameworks */ = {isa = PBXBuildFile; fileRef = 4CD7634913E21BD8007F055B /* SystemConfiguration.framework */; };
/* End PBXBuildFile section */

/* Begin PBXCopyFilesBuildPhase section */
		4C8B802D13E219B600355E6B /* CopyFiles */ = {
			isa = PBXCopyFilesBuildPhase;
			buildActionMask = 2147483647;
			dstPath = /usr/share/man/man1/;
			dstSubfolderSpec = 0;
			files = (
				4C8B803613E219B600355E6B /* fbx.1 in CopyFiles */,
			);
			runOnlyForDeploymentPostprocessing = 1;
		};
/* End PBXCopyFilesBuildPhase section */

/* Begin PBXFileReference section */
		4C256E7A13EDB9A60013389D /* libboost_filesystem-mt.dylib */ = {isa = PBXFileReference; lastKnownFileType = "compiled.mach-o.dylib"; name = "libboost_filesystem-mt.dylib"; path = "../../../../../usr/local/Cellar/boost/1.47.0/lib/libboost_filesystem-mt.dylib"; sourceTree = "<group>"; };
		4C256E7C13EDB9BD0013389D /* libboost_system-mt.dylib */ = {isa = PBXFileReference; lastKnownFileType = "compiled.mach-o.dylib"; name = "libboost_system-mt.dylib"; path = "../../../../../usr/local/Cellar/boost/1.47.0/lib/libboost_system-mt.dylib"; sourceTree = "<group>"; };
		4C84B8DB13E408E900714501 /* fbx_json_serializer.h */ = {isa = PBXFileReference; fileEncoding = 4; lastKnownFileType = sourcecode.c.h; path = fbx_json_serializer.h; sourceTree = "<group>"; };
		4C84B8DD13E409C400714501 /* fbx_json_serializer.cpp */ = {isa = PBXFileReference; fileEncoding = 4; lastKnownFileType = sourcecode.cpp.cpp; path = fbx_json_serializer.cpp; sourceTree = "<group>"; };
		4C8B802F13E219B600355E6B /* fbx */ = {isa = PBXFileReference; explicitFileType = "compiled.mach-o.executable"; includeInIndex = 0; path = fbx; sourceTree = BUILT_PRODUCTS_DIR; };
		4C8B803313E219B600355E6B /* main.cpp */ = {isa = PBXFileReference; lastKnownFileType = sourcecode.cpp.cpp; path = main.cpp; sourceTree = "<group>"; };
		4C8B803513E219B600355E6B /* fbx.1 */ = {isa = PBXFileReference; lastKnownFileType = text.man; path = fbx.1; sourceTree = "<group>"; };
		4C8B803C13E21A4800355E6B /* libfbxsdk-2012.1-staticd.a */ = {isa = PBXFileReference; lastKnownFileType = archive.ar; name = "libfbxsdk-2012.1-staticd.a"; path = "../../../../Applications/Autodesk/FBXSDK20121/lib/gcc4/ub/libfbxsdk-2012.1-staticd.a"; sourceTree = "<group>"; };
		4CB3B52B13E4084C00484AE6 /* elements.h */ = {isa = PBXFileReference; fileEncoding = 4; lastKnownFileType = sourcecode.c.h; path = elements.h; sourceTree = "<group>"; };
		4CB3B52C13E4084C00484AE6 /* elements.inl */ = {isa = PBXFileReference; fileEncoding = 4; lastKnownFileType = text; path = elements.inl; sourceTree = "<group>"; };
		4CB3B52D13E4084C00484AE6 /* reader.h */ = {isa = PBXFileReference; fileEncoding = 4; lastKnownFileType = sourcecode.c.h; path = reader.h; sourceTree = "<group>"; };
		4CB3B52E13E4084C00484AE6 /* reader.inl */ = {isa = PBXFileReference; fileEncoding = 4; lastKnownFileType = text; path = reader.inl; sourceTree = "<group>"; };
		4CB3B52F13E4084C00484AE6 /* visitor.h */ = {isa = PBXFileReference; fileEncoding = 4; lastKnownFileType = sourcecode.c.h; path = visitor.h; sourceTree = "<group>"; };
		4CB3B53013E4084C00484AE6 /* writer.h */ = {isa = PBXFileReference; fileEncoding = 4; lastKnownFileType = sourcecode.c.h; path = writer.h; sourceTree = "<group>"; };
		4CB3B53113E4084C00484AE6 /* writer.inl */ = {isa = PBXFileReference; fileEncoding = 4; lastKnownFileType = text; path = writer.inl; sourceTree = "<group>"; };
		4CD7634413E21B98007F055B /* Foundation.framework */ = {isa = PBXFileReference; lastKnownFileType = wrapper.framework; name = Foundation.framework; path = System/Library/Frameworks/Foundation.framework; sourceTree = SDKROOT; };
		4CD7634713E21BBD007F055B /* Cocoa.framework */ = {isa = PBXFileReference; lastKnownFileType = wrapper.framework; name = Cocoa.framework; path = System/Library/Frameworks/Cocoa.framework; sourceTree = SDKROOT; };
		4CD7634913E21BD8007F055B /* SystemConfiguration.framework */ = {isa = PBXFileReference; lastKnownFileType = wrapper.framework; name = SystemConfiguration.framework; path = System/Library/Frameworks/SystemConfiguration.framework; sourceTree = SDKROOT; };
/* End PBXFileReference section */

/* Begin PBXFrameworksBuildPhase section */
		4C8B802C13E219B600355E6B /* Frameworks */ = {
			isa = PBXFrameworksBuildPhase;
			buildActionMask = 2147483647;
			files = (
				4CD7634A13E21BD8007F055B /* SystemConfiguration.framework in Frameworks */,
				4CD7634813E21BBD007F055B /* Cocoa.framework in Frameworks */,
				4CD7634513E21B98007F055B /* Foundation.framework in Frameworks */,
				4C8B803D13E21A4800355E6B /* libfbxsdk-2012.1-staticd.a in Frameworks */,
				4C256E7B13EDB9A60013389D /* libboost_filesystem-mt.dylib in Frameworks */,
				4C256E7D13EDB9BD0013389D /* libboost_system-mt.dylib in Frameworks */,
			);
			runOnlyForDeploymentPostprocessing = 0;
		};
/* End PBXFrameworksBuildPhase section */

/* Begin PBXGroup section */
		4C8B802413E219B600355E6B = {
			isa = PBXGroup;
			children = (
				4CA751D413EDB1E700D1D9D7 /* libs */,
				4C8B803213E219B600355E6B /* fbx */,
				4C8B803013E219B600355E6B /* Products */,
			);
			sourceTree = "<group>";
		};
		4C8B803013E219B600355E6B /* Products */ = {
			isa = PBXGroup;
			children = (
				4C8B802F13E219B600355E6B /* fbx */,
			);
			name = Products;
			sourceTree = "<group>";
		};
		4C8B803213E219B600355E6B /* fbx */ = {
			isa = PBXGroup;
			children = (
				4CB3B52A13E4084C00484AE6 /* json */,
				4C8B803313E219B600355E6B /* main.cpp */,
				4C8B803513E219B600355E6B /* fbx.1 */,
				4C84B8DB13E408E900714501 /* fbx_json_serializer.h */,
				4C84B8DD13E409C400714501 /* fbx_json_serializer.cpp */,
			);
			path = fbx;
			sourceTree = "<group>";
		};
		4CA751D413EDB1E700D1D9D7 /* libs */ = {
			isa = PBXGroup;
			children = (
				4C256E7C13EDB9BD0013389D /* libboost_system-mt.dylib */,
				4C256E7A13EDB9A60013389D /* libboost_filesystem-mt.dylib */,
				4CD7634913E21BD8007F055B /* SystemConfiguration.framework */,
				4CD7634713E21BBD007F055B /* Cocoa.framework */,
				4CD7634413E21B98007F055B /* Foundation.framework */,
				4C8B803C13E21A4800355E6B /* libfbxsdk-2012.1-staticd.a */,
			);
			name = libs;
			sourceTree = "<group>";
		};
		4CB3B52A13E4084C00484AE6 /* json */ = {
			isa = PBXGroup;
			children = (
				4CB3B52B13E4084C00484AE6 /* elements.h */,
				4CB3B52C13E4084C00484AE6 /* elements.inl */,
				4CB3B52D13E4084C00484AE6 /* reader.h */,
				4CB3B52E13E4084C00484AE6 /* reader.inl */,
				4CB3B52F13E4084C00484AE6 /* visitor.h */,
				4CB3B53013E4084C00484AE6 /* writer.h */,
				4CB3B53113E4084C00484AE6 /* writer.inl */,
			);
			path = json;
			sourceTree = "<group>";
		};
/* End PBXGroup section */

/* Begin PBXNativeTarget section */
		4C8B802E13E219B600355E6B /* fbx */ = {
			isa = PBXNativeTarget;
			buildConfigurationList = 4C8B803913E219B600355E6B /* Build configuration list for PBXNativeTarget "fbx" */;
			buildPhases = (
				4C8B802B13E219B600355E6B /* Sources */,
				4C8B802C13E219B600355E6B /* Frameworks */,
				4C8B802D13E219B600355E6B /* CopyFiles */,
			);
			buildRules = (
			);
			dependencies = (
			);
			name = fbx;
			productName = fbx;
			productReference = 4C8B802F13E219B600355E6B /* fbx */;
			productType = "com.apple.product-type.tool";
		};
/* End PBXNativeTarget section */

/* Begin PBXProject section */
		4C8B802613E219B600355E6B /* Project object */ = {
			isa = PBXProject;
			attributes = {
				LastUpgradeCheck = 0420;
			};
			buildConfigurationList = 4C8B802913E219B600355E6B /* Build configuration list for PBXProject "fbx" */;
			compatibilityVersion = "Xcode 3.2";
			developmentRegion = English;
			hasScannedForEncodings = 0;
			knownRegions = (
				en,
			);
			mainGroup = 4C8B802413E219B600355E6B;
			productRefGroup = 4C8B803013E219B600355E6B /* Products */;
			projectDirPath = "";
			projectRoot = "";
			targets = (
				4C8B802E13E219B600355E6B /* fbx */,
			);
		};
/* End PBXProject section */

/* Begin PBXSourcesBuildPhase section */
		4C8B802B13E219B600355E6B /* Sources */ = {
			isa = PBXSourcesBuildPhase;
			buildActionMask = 2147483647;
			files = (
				4C8B803413E219B600355E6B /* main.cpp in Sources */,
				4C84B8DE13E409C400714501 /* fbx_json_serializer.cpp in Sources */,
			);
			runOnlyForDeploymentPostprocessing = 0;
		};
/* End PBXSourcesBuildPhase section */

/* Begin XCBuildConfiguration section */
		4C8B803713E219B600355E6B /* Debug */ = {
			isa = XCBuildConfiguration;
			buildSettings = {
				ALWAYS_SEARCH_USER_PATHS = NO;
				ARCHS = "$(ARCHS_STANDARD_64_BIT)";
				COPY_PHASE_STRIP = NO;
				GCC_C_LANGUAGE_STANDARD = gnu99;
				GCC_DYNAMIC_NO_PIC = NO;
				GCC_ENABLE_OBJC_EXCEPTIONS = YES;
				GCC_OPTIMIZATION_LEVEL = 0;
				GCC_PREPROCESSOR_DEFINITIONS = (
					"DEBUG=1",
					"$(inherited)",
				);
				GCC_SYMBOLS_PRIVATE_EXTERN = NO;
				GCC_VERSION = com.apple.compilers.llvm.clang.1_0;
				GCC_WARN_64_TO_32_BIT_CONVERSION = YES;
				GCC_WARN_ABOUT_MISSING_PROTOTYPES = YES;
				GCC_WARN_ABOUT_RETURN_TYPE = YES;
				GCC_WARN_UNUSED_VARIABLE = YES;
				MACOSX_DEPLOYMENT_TARGET = 10.7;
				ONLY_ACTIVE_ARCH = YES;
				SDKROOT = macosx;
			};
			name = Debug;
		};
		4C8B803813E219B600355E6B /* Release */ = {
			isa = XCBuildConfiguration;
			buildSettings = {
				ALWAYS_SEARCH_USER_PATHS = NO;
				ARCHS = "$(ARCHS_STANDARD_64_BIT)";
				COPY_PHASE_STRIP = YES;
				DEBUG_INFORMATION_FORMAT = "dwarf-with-dsym";
				GCC_C_LANGUAGE_STANDARD = gnu99;
				GCC_ENABLE_OBJC_EXCEPTIONS = YES;
				GCC_VERSION = com.apple.compilers.llvm.clang.1_0;
				GCC_WARN_64_TO_32_BIT_CONVERSION = YES;
				GCC_WARN_ABOUT_MISSING_PROTOTYPES = YES;
				GCC_WARN_ABOUT_RETURN_TYPE = YES;
				GCC_WARN_UNUSED_VARIABLE = YES;
				MACOSX_DEPLOYMENT_TARGET = 10.7;
				SDKROOT = macosx;
			};
			name = Release;
		};
		4C8B803A13E219B600355E6B /* Debug */ = {
			isa = XCBuildConfiguration;
			buildSettings = {
				ARCHS = "$(ARCHS_STANDARD_64_BIT)";
				HEADER_SEARCH_PATHS = (
					/usr/local/include,
					/Applications/Autodesk/FBXSDK20121/include,
				);
				LIBRARY_SEARCH_PATHS = (
					/usr/local/lib,
					/Applications/Autodesk/FBXSDK20121/lib/gcc4/ub,
					/usr/local/Cellar/boost/1.47.0/lib,
				);
				ONLY_ACTIVE_ARCH = NO;
				OTHER_LDFLAGS = "-lboost_filesystem-mt";
				PRODUCT_NAME = "$(TARGET_NAME)";
			};
			name = Debug;
		};
		4C8B803B13E219B600355E6B /* Release */ = {
			isa = XCBuildConfiguration;
			buildSettings = {
				ARCHS = "$(ARCHS_STANDARD_64_BIT)";
				HEADER_SEARCH_PATHS = (
					/usr/local/include,
					/Applications/Autodesk/FBXSDK20121/include,
				);
				LIBRARY_SEARCH_PATHS = (
					/usr/local/lib,
					/Applications/Autodesk/FBXSDK20121/lib/gcc4/ub,
					/usr/local/Cellar/boost/1.47.0/lib,
				);
				ONLY_ACTIVE_ARCH = NO;
				OTHER_LDFLAGS = "-lboost_filesystem-mt";
				PRODUCT_NAME = "$(TARGET_NAME)";
			};
			name = Release;
		};
/* End XCBuildConfiguration section */

/* Begin XCConfigurationList section */
		4C8B802913E219B600355E6B /* Build configuration list for PBXProject "fbx" */ = {
			isa = XCConfigurationList;
			buildConfigurations = (
				4C8B803713E219B600355E6B /* Debug */,
				4C8B803813E219B600355E6B /* Release */,
			);
			defaultConfigurationIsVisible = 0;
			defaultConfigurationName = Release;
		};
		4C8B803913E219B600355E6B /* Build configuration list for PBXNativeTarget "fbx" */ = {
			isa = XCConfigurationList;
			buildConfigurations = (
				4C8B803A13E219B600355E6B /* Debug */,
				4C8B803B13E219B600355E6B /* Release */,
			);
			defaultConfigurationIsVisible = 0;
			defaultConfigurationName = Release;
		};
/* End XCConfigurationList section */
	};
	rootObject = 4C8B802613E219B600355E6B /* Project object */;
}
